
Microsoft Visual Studio Solution File, Format Version 12.00
# Visual Studio 14
VisualStudioVersion = 14.0.25420.1
MinimumVisualStudioVersion = 10.0.40219.1
Project("{FAE04EC0-301F-11D3-BF4B-00C04F79EFBC}") = "TaskService", "Task.UI\TaskService.csproj", "{33F21345-CD3F-422C-863E-FCF351DDE155}"
EndProject
Project("{FAE04EC0-301F-11D3-BF4B-00C04F79EFBC}") = "TaskService.Tests", "Task.UI.Tests\TaskService.Tests.csproj", "{BC9B378F-8854-49E8-BC34-9DF7FC8FF7C6}"
EndProject
Project("{FAE04EC0-301F-11D3-BF4B-00C04F79EFBC}") = "BusinessLayer", "Task.Business\BusinessLayer.csproj", "{01AE570D-450A-4B98-B3EE-9C7D7FE5B504}"
EndProject
Project("{FAE04EC0-301F-11D3-BF4B-00C04F79EFBC}") = "DataAccessLayer", "DataAccessLayer\DataAccessLayer.csproj", "{5E34B83C-93E9-4515-82E2-B2D15BC2D93D}"
EndProject
Project("{FAE04EC0-301F-11D3-BF4B-00C04F79EFBC}") = "Contract", "Contract\Contract.csproj", "{0857520F-F55A-4E51-A1BC-F046DC739D8B}"
EndProject
Global
	GlobalSection(SolutionConfigurationPlatforms) = preSolution
		Debug|Any CPU = Debug|Any CPU
		Release|Any CPU = Release|Any CPU
	EndGlobalSection
	GlobalSection(ProjectConfigurationPlatforms) = postSolution
		{33F21345-CD3F-422C-863E-FCF351DDE155}.Debug|Any CPU.ActiveCfg = Debug|Any CPU
		{33F21345-CD3F-422C-863E-FCF351DDE155}.Debug|Any CPU.Build.0 = Debug|Any CPU
		{33F21345-CD3F-422C-863E-FCF351DDE155}.Release|Any CPU.ActiveCfg = Release|Any CPU
		{33F21345-CD3F-422C-863E-FCF351DDE155}.Release|Any CPU.Build.0 = Release|Any CPU
		{BC9B378F-8854-49E8-BC34-9DF7FC8FF7C6}.Debug|Any CPU.ActiveCfg = Debug|Any CPU
		{BC9B378F-8854-49E8-BC34-9DF7FC8FF7C6}.Debug|Any CPU.Build.0 = Debug|Any CPU
		{BC9B378F-8854-49E8-BC34-9DF7FC8FF7C6}.Release|Any CPU.ActiveCfg = Release|Any CPU
		{BC9B378F-8854-49E8-BC34-9DF7FC8FF7C6}.Release|Any CPU.Build.0 = Release|Any CPU
		{01AE570D-450A-4B98-B3EE-9C7D7FE5B504}.Debug|Any CPU.ActiveCfg = Debug|Any CPU
		{01AE570D-450A-4B98-B3EE-9C7D7FE5B504}.Debug|Any CPU.Build.0 = Debug|Any CPU
		{01AE570D-450A-4B98-B3EE-9C7D7FE5B504}.Release|Any CPU.ActiveCfg = Release|Any CPU
		{01AE570D-450A-4B98-B3EE-9C7D7FE5B504}.Release|Any CPU.Build.0 = Release|Any CPU
		{5E34B83C-93E9-4515-82E2-B2D15BC2D93D}.Debug|Any CPU.ActiveCfg = Debug|Any CPU
		{5E34B83C-93E9-4515-82E2-B2D15BC2D93D}.Debug|Any CPU.Build.0 = Debug|Any CPU
		{5E34B83C-93E9-4515-82E2-B2D15BC2D93D}.Release|Any CPU.ActiveCfg = Release|Any CPU
		{5E34B83C-93E9-4515-82E2-B2D15BC2D93D}.Release|Any CPU.Build.0 = Release|Any CPU
		{0857520F-F55A-4E51-A1BC-F046DC739D8B}.Debug|Any CPU.ActiveCfg = Debug|Any CPU
		{0857520F-F55A-4E51-A1BC-F046DC739D8B}.Debug|Any CPU.Build.0 = Debug|Any CPU
		{0857520F-F55A-4E51-A1BC-F046DC739D8B}.Release|Any CPU.ActiveCfg = Release|Any CPU
		{0857520F-F55A-4E51-A1BC-F046DC739D8B}.Release|Any CPU.Build.0 = Release|Any CPU
	EndGlobalSection
	GlobalSection(SolutionProperties) = preSolution
		HideSolutionNode = FALSE
	EndGlobalSection
EndGlobal
